
Microsoft Visual Studio Solution File, Format Version 12.00
# Visual Studio Version 16
VisualStudioVersion = 16.0.29709.97
MinimumVisualStudioVersion = 10.0.40219.1
Project("{FAE04EC0-301F-11D3-BF4B-00C04F79EFBC}") = "RDK_CORE", "RDK_CORE\RDK_CORE.csproj", "{412D50D8-6644-4A98-BFCD-5A15CDF89D24}"
EndProject
Project("{FAE04EC0-301F-11D3-BF4B-00C04F79EFBC}") = "DataAccess", "DataAccess\DataAccess.csproj", "{F024F422-FF2C-4F39-837C-A8E6F03391FA}"
EndProject
Global
	GlobalSection(SolutionConfigurationPlatforms) = preSolution
		Debug|Any CPU = Debug|Any CPU
		Release|Any CPU = Release|Any CPU
	EndGlobalSection
	GlobalSection(ProjectConfigurationPlatforms) = postSolution
		{412D50D8-6644-4A98-BFCD-5A15CDF89D24}.Debug|Any CPU.ActiveCfg = Debug|Any CPU
		{412D50D8-6644-4A98-BFCD-5A15CDF89D24}.Debug|Any CPU.Build.0 = Debug|Any CPU
		{412D50D8-6644-4A98-BFCD-5A15CDF89D24}.Release|Any CPU.ActiveCfg = Release|Any CPU
		{412D50D8-6644-4A98-BFCD-5A15CDF89D24}.Release|Any CPU.Build.0 = Release|Any CPU
		{F024F422-FF2C-4F39-837C-A8E6F03391FA}.Debug|Any CPU.ActiveCfg = Debug|Any CPU
		{F024F422-FF2C-4F39-837C-A8E6F03391FA}.Debug|Any CPU.Build.0 = Debug|Any CPU
		{F024F422-FF2C-4F39-837C-A8E6F03391FA}.Release|Any CPU.ActiveCfg = Release|Any CPU
		{F024F422-FF2C-4F39-837C-A8E6F03391FA}.Release|Any CPU.Build.0 = Release|Any CPU
	EndGlobalSection
	GlobalSection(SolutionProperties) = preSolution
		HideSolutionNode = FALSE
	EndGlobalSection
	GlobalSection(ExtensibilityGlobals) = postSolution
		SolutionGuid = {92CD4C09-6B1D-4FA9-874B-F5845F71804F}
	EndGlobalSection
EndGlobal
